
Microsoft Visual Studio Solution File, Format Version 12.00
# Visual Studio Version 16
VisualStudioVersion = 16.0.30621.155
MinimumVisualStudioVersion = 10.0.40219.1
Project("{FAE04EC0-301F-11D3-BF4B-00C04F79EFBC}") = "MelodyShop.Tests", "MelodyShop.Tests\MelodyShop.Tests.csproj", "{5B1D7648-E557-437F-A41F-9E0C608B6C72}"
EndProject
Project("{FAE04EC0-301F-11D3-BF4B-00C04F79EFBC}") = "MelodyShop", "MelodyShop\MelodyShop.csproj", "{EBFDD59D-D74E-4834-AF2F-6E0E7BE8E49F}"
EndProject
Project("{00D1A9C2-B5F0-4AF3-8072-F6C62B433612}") = "Melody.DB.Deployment", "Melody.DB.Deployment\Melody.DB.Deployment.sqlproj", "{228E8994-304A-4975-BA4F-DF401B29DF3C}"
EndProject
Project("{2150E333-8FDC-42A3-9474-1A3956D46DE8}") = "Praca inz", "Praca inz", "{DD700C7B-B387-4CBB-95C0-D9677B521F1A}"
	ProjectSection(SolutionItems) = preProject
		Po poprawkach Od K - spis 1- praca inz.doc = Po poprawkach Od K - spis 1- praca inz.doc
	EndProjectSection
EndProject
Global
	GlobalSection(SolutionConfigurationPlatforms) = preSolution
		Debug|Any CPU = Debug|Any CPU
		Release|Any CPU = Release|Any CPU
	EndGlobalSection
	GlobalSection(ProjectConfigurationPlatforms) = postSolution
		{5B1D7648-E557-437F-A41F-9E0C608B6C72}.Debug|Any CPU.ActiveCfg = Debug|Any CPU
		{5B1D7648-E557-437F-A41F-9E0C608B6C72}.Debug|Any CPU.Build.0 = Debug|Any CPU
		{5B1D7648-E557-437F-A41F-9E0C608B6C72}.Release|Any CPU.ActiveCfg = Release|Any CPU
		{5B1D7648-E557-437F-A41F-9E0C608B6C72}.Release|Any CPU.Build.0 = Release|Any CPU
		{EBFDD59D-D74E-4834-AF2F-6E0E7BE8E49F}.Debug|Any CPU.ActiveCfg = Debug|Any CPU
		{EBFDD59D-D74E-4834-AF2F-6E0E7BE8E49F}.Debug|Any CPU.Build.0 = Debug|Any CPU
		{EBFDD59D-D74E-4834-AF2F-6E0E7BE8E49F}.Release|Any CPU.ActiveCfg = Release|Any CPU
		{EBFDD59D-D74E-4834-AF2F-6E0E7BE8E49F}.Release|Any CPU.Build.0 = Release|Any CPU
		{228E8994-304A-4975-BA4F-DF401B29DF3C}.Debug|Any CPU.ActiveCfg = Debug|Any CPU
		{228E8994-304A-4975-BA4F-DF401B29DF3C}.Debug|Any CPU.Build.0 = Debug|Any CPU
		{228E8994-304A-4975-BA4F-DF401B29DF3C}.Debug|Any CPU.Deploy.0 = Debug|Any CPU
		{228E8994-304A-4975-BA4F-DF401B29DF3C}.Release|Any CPU.ActiveCfg = Release|Any CPU
		{228E8994-304A-4975-BA4F-DF401B29DF3C}.Release|Any CPU.Build.0 = Release|Any CPU
		{228E8994-304A-4975-BA4F-DF401B29DF3C}.Release|Any CPU.Deploy.0 = Release|Any CPU
	EndGlobalSection
	GlobalSection(SolutionProperties) = preSolution
		HideSolutionNode = FALSE
	EndGlobalSection
	GlobalSection(ExtensibilityGlobals) = postSolution
		SolutionGuid = {E3844E0F-C563-4B22-BD38-00724CB3F60F}
	EndGlobalSection
EndGlobal
